
Microsoft Visual Studio Solution File, Format Version 12.00
# Visual Studio Version 16
VisualStudioVersion = 16.0.32002.261
MinimumVisualStudioVersion = 10.0.40219.1
Project("{FAE04EC0-301F-11D3-BF4B-00C04F79EFBC}") = "c-sharp-odev1", "c-sharp-odev1.csproj", "{591DE0C3-AE64-468E-BD7B-1CF82A9BE19C}"
EndProject
Global
	GlobalSection(SolutionConfigurationPlatforms) = preSolution
		Debug|Any CPU = Debug|Any CPU
		Release|Any CPU = Release|Any CPU
	EndGlobalSection
	GlobalSection(ProjectConfigurationPlatforms) = postSolution
		{591DE0C3-AE64-468E-BD7B-1CF82A9BE19C}.Debug|Any CPU.ActiveCfg = Debug|Any CPU
		{591DE0C3-AE64-468E-BD7B-1CF82A9BE19C}.Debug|Any CPU.Build.0 = Debug|Any CPU
		{591DE0C3-AE64-468E-BD7B-1CF82A9BE19C}.Release|Any CPU.ActiveCfg = Release|Any CPU
		{591DE0C3-AE64-468E-BD7B-1CF82A9BE19C}.Release|Any CPU.Build.0 = Release|Any CPU
	EndGlobalSection
	GlobalSection(SolutionProperties) = preSolution
		HideSolutionNode = FALSE
	EndGlobalSection
	GlobalSection(ExtensibilityGlobals) = postSolution
		SolutionGuid = {5573A838-76B2-42E7-9395-F1FC3A6B2D96}
	EndGlobalSection
EndGlobal
